
Microsoft Visual Studio Solution File, Format Version 12.00
# Visual Studio Version 17
VisualStudioVersion = 17.3.32825.248
MinimumVisualStudioVersion = 10.0.40219.1
Project("{FAE04EC0-301F-11D3-BF4B-00C04F79EFBC}") = "KPMusical shop", "KPMusical shop\KPMusical shop.csproj", "{9E1FA374-A701-442D-A47C-AEF456BE7E29}"
EndProject
Global
	GlobalSection(SolutionConfigurationPlatforms) = preSolution
		Debug|Any CPU = Debug|Any CPU
		Release|Any CPU = Release|Any CPU
	EndGlobalSection
	GlobalSection(ProjectConfigurationPlatforms) = postSolution
		{9E1FA374-A701-442D-A47C-AEF456BE7E29}.Debug|Any CPU.ActiveCfg = Debug|Any CPU
		{9E1FA374-A701-442D-A47C-AEF456BE7E29}.Debug|Any CPU.Build.0 = Debug|Any CPU
		{9E1FA374-A701-442D-A47C-AEF456BE7E29}.Release|Any CPU.ActiveCfg = Release|Any CPU
		{9E1FA374-A701-442D-A47C-AEF456BE7E29}.Release|Any CPU.Build.0 = Release|Any CPU
	EndGlobalSection
	GlobalSection(SolutionProperties) = preSolution
		HideSolutionNode = FALSE
	EndGlobalSection
	GlobalSection(ExtensibilityGlobals) = postSolution
		SolutionGuid = {B8EB63F3-7496-4C62-B18D-9584535D6C34}
	EndGlobalSection
EndGlobal
